dependencies:
  electron: 8.0.0
lockfileVersion: 5.1
packages:
  /@electron/get/1.7.2:
    dependencies:
      debug: 4.1.1
      env-paths: 2.2.0
      fs-extra: 8.1.0
      got: 9.6.0
      sanitize-filename: 1.6.3
      sumchecker: 3.0.1
    dev: false
    engines:
      node: '>=8.6'
    optionalDependencies:
      global-agent: 2.1.8
      global-tunnel-ng: 2.7.1
    resolution:
      integrity: sha1-KGQ2qftW/xofzfDoATH9ZfTR4P0=
      tarball: '@electron/get/download/@electron/get-1.7.2.tgz'
  /@sindresorhus/is/0.14.0:
    dev: false
    engines:
      node: '>=6'
    resolution:
      integrity: sha1-n7OjzzEyMoFR81PeRjLgHlIQK+o=
      tarball: '@sindresorhus/is/download/@sindresorhus/is-0.14.0.tgz'
  /@szmarczak/http-timer/1.1.2:
    dependencies:
      defer-to-connect: 1.1.3
    dev: false
    engines:
      node: '>=6'
    resolution:
      integrity: sha1-sWZeLEYaLNkvTBu/UNVFTeDUtCE=
      tarball: '@szmarczak/http-timer/download/@szmarczak/http-timer-1.1.2.tgz'
  /@types/node/12.12.26:
    dev: false
    resolution:
      integrity: sha1-IT4VO6usDtFp1EptkZUB5o9Z3qk=
      tarball: '@types/node/download/@types/node-12.12.26.tgz'
  /boolean/3.0.0:
    dev: false
    optional: true
    resolution:
      integrity: sha1-+reNWQfbrmIWq0bTJzO7e3a5nnY=
      tarball: boolean/download/boolean-3.0.0.tgz
  /buffer-from/1.1.1:
    dev: false
    resolution:
      integrity: sha1-MnE7wCj3XAL9txDXx7zsHyxgcO8=
      tarball: buffer-from/download/buffer-from-1.1.1.tgz
  /cacheable-request/6.1.0:
    dependencies:
      clone-response: 1.0.2
      get-stream: 5.1.0
      http-cache-semantics: 4.0.3
      keyv: 3.1.0
      lowercase-keys: 2.0.0
      normalize-url: 4.5.0
      responselike: 1.0.2
    dev: false
    engines:
      node: '>=8'
    resolution:
      integrity: sha1-IP+4vRYrpL4R6VZ9gj22UQUsqRI=
      tarball: cacheable-request/download/cacheable-request-6.1.0.tgz
  /clone-response/1.0.2:
    dependencies:
      mimic-response: 1.0.1
    dev: false
    resolution:
      integrity: sha1-0dyXOSAxTfZ/vrlCI7TuNQI56Ws=
      tarball: clone-response/download/clone-response-1.0.2.tgz
  /concat-stream/1.6.2:
    dependencies:
      buffer-from: 1.1.1
      inherits: 2.0.4
      readable-stream: 2.3.7
      typedarray: 0.0.6
    dev: false
    engines:
      '0': node >= 0.8
    resolution:
      integrity: sha1-kEvfGUzTEi/Gdcd/xKw9T/D9GjQ=
      tarball: concat-stream/download/concat-stream-1.6.2.tgz
  /config-chain/1.1.12:
    dependencies:
      ini: 1.3.5
      proto-list: 1.2.4
    dev: false
    optional: true
    resolution:
      integrity: sha1-D96NCRIA616AjK8l/mGMAvSOTvo=
      tarball: config-chain/download/config-chain-1.1.12.tgz
  /core-js/3.6.4:
    dev: false
    optional: true
    requiresBuild: true
    resolution:
      integrity: sha1-RAqDU2tFgRS5yyrBWAujd9xHBkc=
      tarball: core-js/download/core-js-3.6.4.tgz
  /core-util-is/1.0.2:
    dev: false
    resolution:
      integrity: sha1-tf1UIgqivFq1eqtxQMlAdUUDwac=
      tarball: core-util-is/download/core-util-is-1.0.2.tgz
  /debug/2.6.9:
    dependencies:
      ms: 2.0.0
    dev: false
    resolution:
      integrity: sha1-XRKFFd8TT/Mn6QpMk/Tgd6U2NB8=
      tarball: debug/download/debug-2.6.9.tgz
  /debug/4.1.1:
    dependencies:
      ms: 2.1.2
    dev: false
    resolution:
      integrity: sha1-O3ImAlUQnGtYnO4FDx1RYTlmR5E=
      tarball: debug/download/debug-4.1.1.tgz
  /decompress-response/3.3.0:
    dependencies:
      mimic-response: 1.0.1
    dev: false
    engines:
      node: '>=4'
    resolution:
      integrity: sha1-gKTdMjdIOEv6JICDYirt7Jgq3/M=
      tarball: decompress-response/download/decompress-response-3.3.0.tgz
  /defer-to-connect/1.1.3:
    dev: false
    resolution:
      integrity: sha1-MxrgUMCNz3ifjIOnuB8O2U9KxZE=
      tarball: defer-to-connect/download/defer-to-connect-1.1.3.tgz
  /define-properties/1.1.3:
    dependencies:
      object-keys: 1.1.1
    dev: false
    engines:
      node: '>= 0.4'
    optional: true
    resolution:
      integrity: sha1-z4jabL7ib+bbcJT2HYcMvYTO6fE=
      tarball: define-properties/download/define-properties-1.1.3.tgz
  /detect-node/2.0.4:
    dev: false
    optional: true
    resolution:
      integrity: sha1-AU7o+PZpxcWAI9pkuBecCDooxGw=
      tarball: detect-node/download/detect-node-2.0.4.tgz
  /duplexer3/0.1.4:
    dev: false
    resolution:
      integrity: sha1-7gHdHKwO08vH/b6jfcCo8c4ALOI=
      tarball: duplexer3/download/duplexer3-0.1.4.tgz
  /electron/8.0.0:
    dependencies:
      '@electron/get': 1.7.2
      '@types/node': 12.12.26
      extract-zip: 1.6.7
    dev: false
    engines:
      node: '>= 8.6'
    hasBin: true
    requiresBuild: true
    resolution:
      integrity: sha1-tfEFzaaYXKLySW3hXkSyu7DI5PQ=
      tarball: electron/download/electron-8.0.0.tgz
  /encodeurl/1.0.2:
    dev: false
    engines:
      node: '>= 0.8'
    optional: true
    resolution:
      integrity: sha1-rT/0yG7C0CkyL1oCw6mmBslbP1k=
      tarball: encodeurl/download/encodeurl-1.0.2.tgz
  /end-of-stream/1.4.4:
    dependencies:
      once: 1.4.0
    dev: false
    resolution:
      integrity: sha1-WuZKX0UFe682JuwU2gyl5LJDHrA=
      tarball: end-of-stream/download/end-of-stream-1.4.4.tgz
  /env-paths/2.2.0:
    dev: false
    engines:
      node: '>=6'
    resolution:
      integrity: sha1-zcpVfcAJFSkX1hZuL+vh8DloXkM=
      tarball: env-paths/download/env-paths-2.2.0.tgz
  /es6-error/4.1.1:
    dev: false
    optional: true
    resolution:
      integrity: sha1-njr0B0Wd7tR+mpH5uIWoTrBcVh0=
      tarball: es6-error/download/es6-error-4.1.1.tgz
  /escape-string-regexp/2.0.0:
    dev: false
    engines:
      node: '>=8'
    optional: true
    resolution:
      integrity: sha1-owME6Z2qMuI7L9IPUbq9B8/8o0Q=
      tarball: escape-string-regexp/download/escape-string-regexp-2.0.0.tgz
  /extract-zip/1.6.7:
    dependencies:
      concat-stream: 1.6.2
      debug: 2.6.9
      mkdirp: 0.5.1
      yauzl: 2.4.1
    dev: false
    hasBin: true
    resolution:
      integrity: sha1-qEC0uK9kAyZMjbV/Txp0Mz74H+k=
      tarball: extract-zip/download/extract-zip-1.6.7.tgz
  /fd-slicer/1.0.1:
    dependencies:
      pend: 1.2.0
    dev: false
    resolution:
      integrity: sha1-i1vL2ewyfFBBv5qwI/1nUPEXfmU=
      tarball: fd-slicer/download/fd-slicer-1.0.1.tgz
  /fs-extra/8.1.0:
    dependencies:
      graceful-fs: 4.2.3
      jsonfile: 4.0.0
      universalify: 0.1.2
    dev: false
    engines:
      node: '>=6 <7 || >=8'
    resolution:
      integrity: sha1-SdQ8RaiM2Wd2aMt74bRu/bjS4cA=
      tarball: fs-extra/download/fs-extra-8.1.0.tgz
  /get-stream/4.1.0:
    dependencies:
      pump: 3.0.0
    dev: false
    engines:
      node: '>=6'
    resolution:
      integrity: sha1-wbJVV189wh1Zv8ec09K0axw6VLU=
      tarball: get-stream/download/get-stream-4.1.0.tgz
  /get-stream/5.1.0:
    dependencies:
      pump: 3.0.0
    dev: false
    engines:
      node: '>=8'
    resolution:
      integrity: sha1-ASA83JJZf5uQkGfD5lbMH008Tck=
      tarball: get-stream/download/get-stream-5.1.0.tgz
  /global-agent/2.1.8:
    dependencies:
      boolean: 3.0.0
      core-js: 3.6.4
      es6-error: 4.1.1
      matcher: 2.1.0
      roarr: 2.15.2
      semver: 7.1.2
      serialize-error: 5.0.0
    dev: false
    engines:
      node: '>=10.0'
    optional: true
    resolution:
      integrity: sha1-mdFTZissBMvBGZ/7wIGjqmVqxQ8=
      tarball: global-agent/download/global-agent-2.1.8.tgz
  /global-tunnel-ng/2.7.1:
    dependencies:
      encodeurl: 1.0.2
      lodash: 4.17.15
      npm-conf: 1.1.3
      tunnel: 0.0.6
    dev: false
    engines:
      node: '>=0.10'
    optional: true
    resolution:
      integrity: sha1-0DtRAt/eOmmRT17n2GdhyjXVfY8=
      tarball: global-tunnel-ng/download/global-tunnel-ng-2.7.1.tgz
  /globalthis/1.0.1:
    dependencies:
      define-properties: 1.1.3
    dev: false
    engines:
      node: '>= 0.4'
    optional: true
    resolution:
      integrity: sha1-QBFvXZwHH56PsAN2VN8as6g7fvk=
      tarball: globalthis/download/globalthis-1.0.1.tgz
  /got/9.6.0:
    dependencies:
      '@sindresorhus/is': 0.14.0
      '@szmarczak/http-timer': 1.1.2
      cacheable-request: 6.1.0
      decompress-response: 3.3.0
      duplexer3: 0.1.4
      get-stream: 4.1.0
      lowercase-keys: 1.0.1
      mimic-response: 1.0.1
      p-cancelable: 1.1.0
      to-readable-stream: 1.0.0
      url-parse-lax: 3.0.0
    dev: false
    engines:
      node: '>=8.6'
    resolution:
      integrity: sha1-7fRefWf5lUVwXeH3u+7rEhdl7YU=
      tarball: got/download/got-9.6.0.tgz
  /graceful-fs/4.2.3:
    dev: false
    resolution:
      integrity: sha1-ShL/G2A3bvCYYsIJPt2Qgyi+hCM=
      tarball: graceful-fs/download/graceful-fs-4.2.3.tgz
  /http-cache-semantics/4.0.3:
    dev: false
    resolution:
      integrity: sha1-SVcEdzJ37u9uQ/mrLCx9JZ3aJcU=
      tarball: http-cache-semantics/download/http-cache-semantics-4.0.3.tgz
  /inherits/2.0.4:
    dev: false
    resolution:
      integrity: sha1-D6LGT5MpF8NDOg3tVTY6rjdBa3w=
      tarball: inherits/download/inherits-2.0.4.tgz
  /ini/1.3.5:
    dev: false
    optional: true
    resolution:
      integrity: sha1-7uJfVtscnsYIXgwid4CD9Zar+Sc=
      tarball: ini/download/ini-1.3.5.tgz
  /isarray/1.0.0:
    dev: false
    resolution:
      integrity: sha1-u5NdSFgsuhaMBoNJV6VKPgcSTxE=
      tarball: isarray/download/isarray-1.0.0.tgz
  /json-buffer/3.0.0:
    dev: false
    resolution:
      integrity: sha1-Wx85evx11ne96Lz8Dkfh+aPZqJg=
      tarball: json-buffer/download/json-buffer-3.0.0.tgz
  /json-stringify-safe/5.0.1:
    dev: false
    optional: true
    resolution:
      integrity: sha1-Epai1Y/UXxmg9s4B1lcB4sc1tus=
      tarball: json-stringify-safe/download/json-stringify-safe-5.0.1.tgz
  /jsonfile/4.0.0:
    dev: false
    optionalDependencies:
      graceful-fs: 4.2.3
    resolution:
      integrity: sha1-h3Gq4HmbZAdrdmQPygWPnBDjPss=
      tarball: jsonfile/download/jsonfile-4.0.0.tgz
  /keyv/3.1.0:
    dependencies:
      json-buffer: 3.0.0
    dev: false
    resolution:
      integrity: sha1-7MIoSG9pmR5J6UdkhaW+Ho/FxNk=
      tarball: keyv/download/keyv-3.1.0.tgz
  /lodash/4.17.15:
    dev: false
    optional: true
    resolution:
      integrity: sha1-tEf2ZwoEVbv+7dETku/zMOoJdUg=
      tarball: lodash/download/lodash-4.17.15.tgz
  /lowercase-keys/1.0.1:
    dev: false
    engines:
      node: '>=0.10.0'
    resolution:
      integrity: sha1-b54wtHCE2XGnyCD/FabFFnt0wm8=
      tarball: lowercase-keys/download/lowercase-keys-1.0.1.tgz
  /lowercase-keys/2.0.0:
    dev: false
    engines:
      node: '>=8'
    resolution:
      integrity: sha1-JgPni3tLAAbLyi+8yKMgJVislHk=
      tarball: lowercase-keys/download/lowercase-keys-2.0.0.tgz
  /matcher/2.1.0:
    dependencies:
      escape-string-regexp: 2.0.0
    dev: false
    engines:
      node: '>=8'
    optional: true
    resolution:
      integrity: sha1-ZOEEHBW5k+I7eG+TMgp0dL+DPCg=
      tarball: matcher/download/matcher-2.1.0.tgz
  /mimic-response/1.0.1:
    dev: false
    engines:
      node: '>=4'
    resolution:
      integrity: sha1-SSNTiHju9CBjy4o+OweYeBSHqxs=
      tarball: mimic-response/download/mimic-response-1.0.1.tgz
  /minimist/0.0.8:
    dev: false
    resolution:
      integrity: sha1-hX/Kv8M5fSYluCKCYuhqp6ARsF0=
      tarball: minimist/download/minimist-0.0.8.tgz
  /mkdirp/0.5.1:
    dependencies:
      minimist: 0.0.8
    dev: false
    hasBin: true
    resolution:
      integrity: sha1-MAV0OOrGz3+MR2fzhkjWaX11yQM=
      tarball: mkdirp/download/mkdirp-0.5.1.tgz?cache=0&other_urls=https%3A%2F%2Fregistry.npm.taobao.org%2Fmkdirp%2Fdownload%2Fmkdirp-0.5.1.tgz
  /ms/2.0.0:
    dev: false
    resolution:
      integrity: sha1-VgiurfwAvmwpAd9fmGF4jeDVl8g=
      tarball: ms/download/ms-2.0.0.tgz
  /ms/2.1.2:
    dev: false
    resolution:
      integrity: sha1-0J0fNXtEP0kzgqjrPM0YOHKuYAk=
      tarball: ms/download/ms-2.1.2.tgz
  /normalize-url/4.5.0:
    dev: false
    engines:
      node: '>=8'
    resolution:
      integrity: sha1-RTNUCH5sqWlXvY9br3U/WYIUISk=
      tarball: normalize-url/download/normalize-url-4.5.0.tgz
  /npm-conf/1.1.3:
    dependencies:
      config-chain: 1.1.12
      pify: 3.0.0
    dev: false
    engines:
      node: '>=4'
    optional: true
    resolution:
      integrity: sha1-JWzEe9DiGMJZxOlVC/QTvCGSr/k=
      tarball: npm-conf/download/npm-conf-1.1.3.tgz
  /object-keys/1.1.1:
    dev: false
    engines:
      node: '>= 0.4'
    optional: true
    resolution:
      integrity: sha1-HEfyct8nfzsdrwYWd9nILiMixg4=
      tarball: object-keys/download/object-keys-1.1.1.tgz
  /once/1.4.0:
    dependencies:
      wrappy: 1.0.2
    dev: false
    resolution:
      integrity: sha1-WDsap3WWHUsROsF9nFC6753Xa9E=
      tarball: once/download/once-1.4.0.tgz
  /p-cancelable/1.1.0:
    dev: false
    engines:
      node: '>=6'
    resolution:
      integrity: sha1-0HjRWjr0CSIMiG8dmgyi5EGrJsw=
      tarball: p-cancelable/download/p-cancelable-1.1.0.tgz
  /pend/1.2.0:
    dev: false
    resolution:
      integrity: sha1-elfrVQpng/kRUzH89GY9XI4AelA=
      tarball: pend/download/pend-1.2.0.tgz
  /pify/3.0.0:
    dev: false
    engines:
      node: '>=4'
    optional: true
    resolution:
      integrity: sha1-5aSs0sEB/fPZpNB/DbxNtJ3SgXY=
      tarball: pify/download/pify-3.0.0.tgz
  /prepend-http/2.0.0:
    dev: false
    engines:
      node: '>=4'
    resolution:
      integrity: sha1-6SQ0v6XqjBn0HN/UAddBo8gZ2Jc=
      tarball: prepend-http/download/prepend-http-2.0.0.tgz
  /process-nextick-args/2.0.1:
    dev: false
    resolution:
      integrity: sha1-eCDZsWEgzFXKmud5JoCufbptf+I=
      tarball: process-nextick-args/download/process-nextick-args-2.0.1.tgz
  /proto-list/1.2.4:
    dev: false
    optional: true
    resolution:
      integrity: sha1-IS1b/hMYMGpCD2QCuOJv85ZHqEk=
      tarball: proto-list/download/proto-list-1.2.4.tgz
  /pump/3.0.0:
    dependencies:
      end-of-stream: 1.4.4
      once: 1.4.0
    dev: false
    resolution:
      integrity: sha1-tKIRaBW94vTh6mAjVOjHVWUQemQ=
      tarball: pump/download/pump-3.0.0.tgz
  /readable-stream/2.3.7:
    dependencies:
      core-util-is: 1.0.2
      inherits: 2.0.4
      isarray: 1.0.0
      process-nextick-args: 2.0.1
      safe-buffer: 5.1.2
      string_decoder: 1.1.1
      util-deprecate: 1.0.2
    dev: false
    resolution:
      integrity: sha1-Hsoc9xGu+BTAT2IlKjamL2yyO1c=
      tarball: readable-stream/download/readable-stream-2.3.7.tgz
  /responselike/1.0.2:
    dependencies:
      lowercase-keys: 1.0.1
    dev: false
    resolution:
      integrity: sha1-kYcg7ztjHFZCvgaPFa3lpG9Loec=
      tarball: responselike/download/responselike-1.0.2.tgz
  /roarr/2.15.2:
    dependencies:
      boolean: 3.0.0
      detect-node: 2.0.4
      globalthis: 1.0.1
      json-stringify-safe: 5.0.1
      semver-compare: 1.0.0
      sprintf-js: 1.1.2
    dev: false
    engines:
      node: '>=8.0'
    optional: true
    resolution:
      integrity: sha1-NPYimuPIwSFnxK5g9Y/nXnmh45Q=
      tarball: roarr/download/roarr-2.15.2.tgz
  /safe-buffer/5.1.2:
    dev: false
    resolution:
      integrity: sha1-mR7GnSluAxN0fVm9/St0XDX4go0=
      tarball: safe-buffer/download/safe-buffer-5.1.2.tgz
  /sanitize-filename/1.6.3:
    dependencies:
      truncate-utf8-bytes: 1.0.2
    dev: false
    resolution:
      integrity: sha1-dV69dSBFkxl34wsgJdNA18kJA3g=
      tarball: sanitize-filename/download/sanitize-filename-1.6.3.tgz
  /semver-compare/1.0.0:
    dev: false
    optional: true
    resolution:
      integrity: sha1-De4hahyUGrN+nvsXiPavxf9VN/w=
      tarball: semver-compare/download/semver-compare-1.0.0.tgz
  /semver/7.1.2:
    dev: false
    engines:
      node: '>=10'
    hasBin: true
    optional: true
    resolution:
      integrity: sha1-hHuuW85oxdCIiYJPAmZxmbcOPYc=
      tarball: semver/download/semver-7.1.2.tgz
  /serialize-error/5.0.0:
    dependencies:
      type-fest: 0.8.1
    dev: false
    engines:
      node: '>=8'
    optional: true
    resolution:
      integrity: sha1-p+u82wOl1xpu2EYf/g/Boa/tYqw=
      tarball: serialize-error/download/serialize-error-5.0.0.tgz
  /sprintf-js/1.1.2:
    dev: false
    optional: true
    resolution:
      integrity: sha1-2hdlJiv4wPVxdJ8q1sJjACB65nM=
      tarball: sprintf-js/download/sprintf-js-1.1.2.tgz
  /string_decoder/1.1.1:
    dependencies:
      safe-buffer: 5.1.2
    dev: false
    resolution:
      integrity: sha1-nPFhG6YmhdcDCunkujQUnDrwP8g=
      tarball: string_decoder/download/string_decoder-1.1.1.tgz
  /sumchecker/3.0.1:
    dependencies:
      debug: 4.1.1
    dev: false
    engines:
      node: '>= 8.0'
    resolution:
      integrity: sha1-Y3fplnlauwttNI6bPh37JDRajkI=
      tarball: sumchecker/download/sumchecker-3.0.1.tgz
  /to-readable-stream/1.0.0:
    dev: false
    engines:
      node: '>=6'
    resolution:
      integrity: sha1-zgqgwvPfat+FLvtASng+d8BHV3E=
      tarball: to-readable-stream/download/to-readable-stream-1.0.0.tgz
  /truncate-utf8-bytes/1.0.2:
    dependencies:
      utf8-byte-length: 1.0.4
    dev: false
    resolution:
      integrity: sha1-QFkjkJWS1W94pYGENLC3hInKXys=
      tarball: truncate-utf8-bytes/download/truncate-utf8-bytes-1.0.2.tgz
  /tunnel/0.0.6:
    dev: false
    engines:
      node: '>=0.6.11 <=0.7.0 || >=0.7.3'
    optional: true
    resolution:
      integrity: sha1-cvExSzSlsZLbASMk3yzFh8pH+Sw=
      tarball: tunnel/download/tunnel-0.0.6.tgz
  /type-fest/0.8.1:
    dev: false
    engines:
      node: '>=8'
    optional: true
    resolution:
      integrity: sha1-CeJJ696FHTseSNJ8EFREZn8XuD0=
      tarball: type-fest/download/type-fest-0.8.1.tgz
  /typedarray/0.0.6:
    dev: false
    resolution:
      integrity: sha1-hnrHTjhkGHsdPUfZlqeOxciDB3c=
      tarball: typedarray/download/typedarray-0.0.6.tgz
  /universalify/0.1.2:
    dev: false
    engines:
      node: '>= 4.0.0'
    resolution:
      integrity: sha1-tkb2m+OULavOzJ1mOcgNwQXvqmY=
      tarball: universalify/download/universalify-0.1.2.tgz
  /url-parse-lax/3.0.0:
    dependencies:
      prepend-http: 2.0.0
    dev: false
    engines:
      node: '>=4'
    resolution:
      integrity: sha1-FrXK/Afb42dsGxmZF3gj1lA6yww=
      tarball: url-parse-lax/download/url-parse-lax-3.0.0.tgz
  /utf8-byte-length/1.0.4:
    dev: false
    resolution:
      integrity: sha1-9F8VDExm7uloGGUFq5P8u4rWv2E=
      tarball: utf8-byte-length/download/utf8-byte-length-1.0.4.tgz
  /util-deprecate/1.0.2:
    dev: false
    resolution:
      integrity: sha1-RQ1Nyfpw3nMnYvvS1KKJgUGaDM8=
      tarball: util-deprecate/download/util-deprecate-1.0.2.tgz
  /wrappy/1.0.2:
    dev: false
    resolution:
      integrity: sha1-tSQ9jz7BqjXxNkYFvA0QNuMKtp8=
      tarball: wrappy/download/wrappy-1.0.2.tgz
  /yauzl/2.4.1:
    dependencies:
      fd-slicer: 1.0.1
    dev: false
    resolution:
      integrity: sha1-lSj0QtqxsihOWLQ3m7GU4i4MQAU=
      tarball: yauzl/download/yauzl-2.4.1.tgz
specifiers:
  electron: ^8.0.0
